
Microsoft Visual Studio Solution File, Format Version 12.00
# Visual Studio Version 16
VisualStudioVersion = 16.0.30320.27
MinimumVisualStudioVersion = 10.0.40219.1
Project("{9A19103F-16F7-4668-BE54-9A1E7A4F7556}") = "Feature.MqttClient", "Features\Feature.MqttClient\Feature.MqttClient.csproj", "{F5568231-FE75-4D90-9B77-E945088CFF60}"
EndProject
Project("{2150E333-8FDC-42A3-9474-1A3956D46DE8}") = "Features", "Features", "{445F9CA7-2721-4F96-B507-3F35D71F8B13}"
EndProject
Project("{2150E333-8FDC-42A3-9474-1A3956D46DE8}") = "Client", "Client", "{4981CCBB-CD63-44A8-8F92-EBD8AC3AE0C8}"
EndProject
Project("{FAE04EC0-301F-11D3-BF4B-00C04F79EFBC}") = "MqttPlayground.Client.UWP", "MqttPlayground.Client\MqttPlayground.Client.UWP\MqttPlayground.Client.UWP.csproj", "{FE130E8A-122A-414A-ACB9-1DA1F735C777}"
EndProject
Project("{FAE04EC0-301F-11D3-BF4B-00C04F79EFBC}") = "MqttPlayground.Client.Android", "MqttPlayground.Client\MqttPlayground.Client.Android\MqttPlayground.Client.Android.csproj", "{45824355-0972-421A-9433-BFD9FDAB5BF1}"
EndProject
Project("{FAE04EC0-301F-11D3-BF4B-00C04F79EFBC}") = "MqttPlayground.Client.iOS", "MqttPlayground.Client\MqttPlayground.Client.iOS\MqttPlayground.Client.iOS.csproj", "{0158B12A-FD5C-4809-BAEE-0D5D74BAAC0C}"
EndProject
Project("{9A19103F-16F7-4668-BE54-9A1E7A4F7556}") = "MqttPlayground.Client", "MqttPlayground.Client\MqttPlayground.Client\MqttPlayground.Client.csproj", "{697F0469-FE37-4461-85AC-A1A4623F7C7A}"
EndProject
Global
	GlobalSection(SolutionConfigurationPlatforms) = preSolution
		Debug|Any CPU = Debug|Any CPU
		Debug|ARM = Debug|ARM
		Debug|iPhone = Debug|iPhone
		Debug|iPhoneSimulator = Debug|iPhoneSimulator
		Debug|x64 = Debug|x64
		Debug|x86 = Debug|x86
		Release|Any CPU = Release|Any CPU
		Release|ARM = Release|ARM
		Release|iPhone = Release|iPhone
		Release|iPhoneSimulator = Release|iPhoneSimulator
		Release|x64 = Release|x64
		Release|x86 = Release|x86
	EndGlobalSection
	GlobalSection(ProjectConfigurationPlatforms) = postSolution
		{F5568231-FE75-4D90-9B77-E945088CFF60}.Debug|Any CPU.ActiveCfg = Debug|Any CPU
		{F5568231-FE75-4D90-9B77-E945088CFF60}.Debug|Any CPU.Build.0 = Debug|Any CPU
		{F5568231-FE75-4D90-9B77-E945088CFF60}.Debug|ARM.ActiveCfg = Debug|Any CPU
		{F5568231-FE75-4D90-9B77-E945088CFF60}.Debug|ARM.Build.0 = Debug|Any CPU
		{F5568231-FE75-4D90-9B77-E945088CFF60}.Debug|iPhone.ActiveCfg = Debug|Any CPU
		{F5568231-FE75-4D90-9B77-E945088CFF60}.Debug|iPhone.Build.0 = Debug|Any CPU
		{F5568231-FE75-4D90-9B77-E945088CFF60}.Debug|iPhoneSimulator.ActiveCfg = Debug|Any CPU
		{F5568231-FE75-4D90-9B77-E945088CFF60}.Debug|iPhoneSimulator.Build.0 = Debug|Any CPU
		{F5568231-FE75-4D90-9B77-E945088CFF60}.Debug|x64.ActiveCfg = Debug|Any CPU
		{F5568231-FE75-4D90-9B77-E945088CFF60}.Debug|x64.Build.0 = Debug|Any CPU
		{F5568231-FE75-4D90-9B77-E945088CFF60}.Debug|x86.ActiveCfg = Debug|Any CPU
		{F5568231-FE75-4D90-9B77-E945088CFF60}.Debug|x86.Build.0 = Debug|Any CPU
		{F5568231-FE75-4D90-9B77-E945088CFF60}.Release|Any CPU.ActiveCfg = Release|Any CPU
		{F5568231-FE75-4D90-9B77-E945088CFF60}.Release|Any CPU.Build.0 = Release|Any CPU
		{F5568231-FE75-4D90-9B77-E945088CFF60}.Release|ARM.ActiveCfg = Release|Any CPU
		{F5568231-FE75-4D90-9B77-E945088CFF60}.Release|ARM.Build.0 = Release|Any CPU
		{F5568231-FE75-4D90-9B77-E945088CFF60}.Release|iPhone.ActiveCfg = Release|Any CPU
		{F5568231-FE75-4D90-9B77-E945088CFF60}.Release|iPhone.Build.0 = Release|Any CPU
		{F5568231-FE75-4D90-9B77-E945088CFF60}.Release|iPhoneSimulator.ActiveCfg = Release|Any CPU
		{F5568231-FE75-4D90-9B77-E945088CFF60}.Release|iPhoneSimulator.Build.0 = Release|Any CPU
		{F5568231-FE75-4D90-9B77-E945088CFF60}.Release|x64.ActiveCfg = Release|Any CPU
		{F5568231-FE75-4D90-9B77-E945088CFF60}.Release|x64.Build.0 = Release|Any CPU
		{F5568231-FE75-4D90-9B77-E945088CFF60}.Release|x86.ActiveCfg = Release|Any CPU
		{F5568231-FE75-4D90-9B77-E945088CFF60}.Release|x86.Build.0 = Release|Any CPU
		{FE130E8A-122A-414A-ACB9-1DA1F735C777}.Debug|Any CPU.ActiveCfg = Debug|x86
		{FE130E8A-122A-414A-ACB9-1DA1F735C777}.Debug|ARM.ActiveCfg = Debug|ARM
		{FE130E8A-122A-414A-ACB9-1DA1F735C777}.Debug|ARM.Build.0 = Debug|ARM
		{FE130E8A-122A-414A-ACB9-1DA1F735C777}.Debug|ARM.Deploy.0 = Debug|ARM
		{FE130E8A-122A-414A-ACB9-1DA1F735C777}.Debug|iPhone.ActiveCfg = Debug|x86
		{FE130E8A-122A-414A-ACB9-1DA1F735C777}.Debug|iPhoneSimulator.ActiveCfg = Debug|x86
		{FE130E8A-122A-414A-ACB9-1DA1F735C777}.Debug|x64.ActiveCfg = Debug|x64
		{FE130E8A-122A-414A-ACB9-1DA1F735C777}.Debug|x64.Build.0 = Debug|x64
		{FE130E8A-122A-414A-ACB9-1DA1F735C777}.Debug|x64.Deploy.0 = Debug|x64
		{FE130E8A-122A-414A-ACB9-1DA1F735C777}.Debug|x86.ActiveCfg = Debug|x86
		{FE130E8A-122A-414A-ACB9-1DA1F735C777}.Debug|x86.Build.0 = Debug|x86
		{FE130E8A-122A-414A-ACB9-1DA1F735C777}.Debug|x86.Deploy.0 = Debug|x86
		{FE130E8A-122A-414A-ACB9-1DA1F735C777}.Release|Any CPU.ActiveCfg = Release|x86
		{FE130E8A-122A-414A-ACB9-1DA1F735C777}.Release|ARM.ActiveCfg = Release|ARM
		{FE130E8A-122A-414A-ACB9-1DA1F735C777}.Release|ARM.Build.0 = Release|ARM
		{FE130E8A-122A-414A-ACB9-1DA1F735C777}.Release|ARM.Deploy.0 = Release|ARM
		{FE130E8A-122A-414A-ACB9-1DA1F735C777}.Release|iPhone.ActiveCfg = Release|x86
		{FE130E8A-122A-414A-ACB9-1DA1F735C777}.Release|iPhoneSimulator.ActiveCfg = Release|x86
		{FE130E8A-122A-414A-ACB9-1DA1F735C777}.Release|x64.ActiveCfg = Release|x64
		{FE130E8A-122A-414A-ACB9-1DA1F735C777}.Release|x64.Build.0 = Release|x64
		{FE130E8A-122A-414A-ACB9-1DA1F735C777}.Release|x64.Deploy.0 = Release|x64
		{FE130E8A-122A-414A-ACB9-1DA1F735C777}.Release|x86.ActiveCfg = Release|x86
		{FE130E8A-122A-414A-ACB9-1DA1F735C777}.Release|x86.Build.0 = Release|x86
		{FE130E8A-122A-414A-ACB9-1DA1F735C777}.Release|x86.Deploy.0 = Release|x86
		{45824355-0972-421A-9433-BFD9FDAB5BF1}.Debug|Any CPU.ActiveCfg = Debug|Any CPU
		{45824355-0972-421A-9433-BFD9FDAB5BF1}.Debug|Any CPU.Build.0 = Debug|Any CPU
		{45824355-0972-421A-9433-BFD9FDAB5BF1}.Debug|Any CPU.Deploy.0 = Debug|Any CPU
		{45824355-0972-421A-9433-BFD9FDAB5BF1}.Debug|ARM.ActiveCfg = Debug|Any CPU
		{45824355-0972-421A-9433-BFD9FDAB5BF1}.Debug|ARM.Build.0 = Debug|Any CPU
		{45824355-0972-421A-9433-BFD9FDAB5BF1}.Debug|ARM.Deploy.0 = Debug|Any CPU
		{45824355-0972-421A-9433-BFD9FDAB5BF1}.Debug|iPhone.ActiveCfg = Debug|Any CPU
		{45824355-0972-421A-9433-BFD9FDAB5BF1}.Debug|iPhone.Build.0 = Debug|Any CPU
		{45824355-0972-421A-9433-BFD9FDAB5BF1}.Debug|iPhone.Deploy.0 = Debug|Any CPU
		{45824355-0972-421A-9433-BFD9FDAB5BF1}.Debug|iPhoneSimulator.ActiveCfg = Debug|Any CPU
		{45824355-0972-421A-9433-BFD9FDAB5BF1}.Debug|iPhoneSimulator.Build.0 = Debug|Any CPU
		{45824355-0972-421A-9433-BFD9FDAB5BF1}.Debug|iPhoneSimulator.Deploy.0 = Debug|Any CPU
		{45824355-0972-421A-9433-BFD9FDAB5BF1}.Debug|x64.ActiveCfg = Debug|Any CPU
		{45824355-0972-421A-9433-BFD9FDAB5BF1}.Debug|x64.Build.0 = Debug|Any CPU
		{45824355-0972-421A-9433-BFD9FDAB5BF1}.Debug|x64.Deploy.0 = Debug|Any CPU
		{45824355-0972-421A-9433-BFD9FDAB5BF1}.Debug|x86.ActiveCfg = Debug|Any CPU
		{45824355-0972-421A-9433-BFD9FDAB5BF1}.Debug|x86.Build.0 = Debug|Any CPU
		{45824355-0972-421A-9433-BFD9FDAB5BF1}.Debug|x86.Deploy.0 = Debug|Any CPU
		{45824355-0972-421A-9433-BFD9FDAB5BF1}.Release|Any CPU.ActiveCfg = Release|Any CPU
		{45824355-0972-421A-9433-BFD9FDAB5BF1}.Release|Any CPU.Build.0 = Release|Any CPU
		{45824355-0972-421A-9433-BFD9FDAB5BF1}.Release|Any CPU.Deploy.0 = Release|Any CPU
		{45824355-0972-421A-9433-BFD9FDAB5BF1}.Release|ARM.ActiveCfg = Release|Any CPU
		{45824355-0972-421A-9433-BFD9FDAB5BF1}.Release|ARM.Build.0 = Release|Any CPU
		{45824355-0972-421A-9433-BFD9FDAB5BF1}.Release|ARM.Deploy.0 = Release|Any CPU
		{45824355-0972-421A-9433-BFD9FDAB5BF1}.Release|iPhone.ActiveCfg = Release|Any CPU
		{45824355-0972-421A-9433-BFD9FDAB5BF1}.Release|iPhone.Build.0 = Release|Any CPU
		{45824355-0972-421A-9433-BFD9FDAB5BF1}.Release|iPhone.Deploy.0 = Release|Any CPU
		{45824355-0972-421A-9433-BFD9FDAB5BF1}.Release|iPhoneSimulator.ActiveCfg = Release|Any CPU
		{45824355-0972-421A-9433-BFD9FDAB5BF1}.Release|iPhoneSimulator.Build.0 = Release|Any CPU
		{45824355-0972-421A-9433-BFD9FDAB5BF1}.Release|iPhoneSimulator.Deploy.0 = Release|Any CPU
		{45824355-0972-421A-9433-BFD9FDAB5BF1}.Release|x64.ActiveCfg = Release|Any CPU
		{45824355-0972-421A-9433-BFD9FDAB5BF1}.Release|x64.Build.0 = Release|Any CPU
		{45824355-0972-421A-9433-BFD9FDAB5BF1}.Release|x64.Deploy.0 = Release|Any CPU
		{45824355-0972-421A-9433-BFD9FDAB5BF1}.Release|x86.ActiveCfg = Release|Any CPU
		{45824355-0972-421A-9433-BFD9FDAB5BF1}.Release|x86.Build.0 = Release|Any CPU
		{45824355-0972-421A-9433-BFD9FDAB5BF1}.Release|x86.Deploy.0 = Release|Any CPU
		{0158B12A-FD5C-4809-BAEE-0D5D74BAAC0C}.Debug|Any CPU.ActiveCfg = Debug|iPhone
		{0158B12A-FD5C-4809-BAEE-0D5D74BAAC0C}.Debug|ARM.ActiveCfg = Debug|iPhone
		{0158B12A-FD5C-4809-BAEE-0D5D74BAAC0C}.Debug|iPhone.ActiveCfg = Debug|iPhone
		{0158B12A-FD5C-4809-BAEE-0D5D74BAAC0C}.Debug|iPhone.Build.0 = Debug|iPhone
		{0158B12A-FD5C-4809-BAEE-0D5D74BAAC0C}.Debug|iPhoneSimulator.ActiveCfg = Debug|iPhoneSimulator
		{0158B12A-FD5C-4809-BAEE-0D5D74BAAC0C}.Debug|iPhoneSimulator.Build.0 = Debug|iPhoneSimulator
		{0158B12A-FD5C-4809-BAEE-0D5D74BAAC0C}.Debug|x64.ActiveCfg = Debug|iPhone
		{0158B12A-FD5C-4809-BAEE-0D5D74BAAC0C}.Debug|x86.ActiveCfg = Debug|iPhone
		{0158B12A-FD5C-4809-BAEE-0D5D74BAAC0C}.Release|Any CPU.ActiveCfg = Release|iPhone
		{0158B12A-FD5C-4809-BAEE-0D5D74BAAC0C}.Release|ARM.ActiveCfg = Release|iPhone
		{0158B12A-FD5C-4809-BAEE-0D5D74BAAC0C}.Release|iPhone.ActiveCfg = Release|iPhone
		{0158B12A-FD5C-4809-BAEE-0D5D74BAAC0C}.Release|iPhone.Build.0 = Release|iPhone
		{0158B12A-FD5C-4809-BAEE-0D5D74BAAC0C}.Release|iPhoneSimulator.ActiveCfg = Release|iPhoneSimulator
		{0158B12A-FD5C-4809-BAEE-0D5D74BAAC0C}.Release|iPhoneSimulator.Build.0 = Release|iPhoneSimulator
		{0158B12A-FD5C-4809-BAEE-0D5D74BAAC0C}.Release|x64.ActiveCfg = Release|iPhone
		{0158B12A-FD5C-4809-BAEE-0D5D74BAAC0C}.Release|x86.ActiveCfg = Release|iPhone
		{697F0469-FE37-4461-85AC-A1A4623F7C7A}.Debug|Any CPU.ActiveCfg = Debug|Any CPU
		{697F0469-FE37-4461-85AC-A1A4623F7C7A}.Debug|Any CPU.Build.0 = Debug|Any CPU
		{697F0469-FE37-4461-85AC-A1A4623F7C7A}.Debug|ARM.ActiveCfg = Debug|Any CPU
		{697F0469-FE37-4461-85AC-A1A4623F7C7A}.Debug|ARM.Build.0 = Debug|Any CPU
		{697F0469-FE37-4461-85AC-A1A4623F7C7A}.Debug|iPhone.ActiveCfg = Debug|Any CPU
		{697F0469-FE37-4461-85AC-A1A4623F7C7A}.Debug|iPhone.Build.0 = Debug|Any CPU
		{697F0469-FE37-4461-85AC-A1A4623F7C7A}.Debug|iPhoneSimulator.ActiveCfg = Debug|Any CPU
		{697F0469-FE37-4461-85AC-A1A4623F7C7A}.Debug|iPhoneSimulator.Build.0 = Debug|Any CPU
		{697F0469-FE37-4461-85AC-A1A4623F7C7A}.Debug|x64.ActiveCfg = Debug|Any CPU
		{697F0469-FE37-4461-85AC-A1A4623F7C7A}.Debug|x64.Build.0 = Debug|Any CPU
		{697F0469-FE37-4461-85AC-A1A4623F7C7A}.Debug|x86.ActiveCfg = Debug|Any CPU
		{697F0469-FE37-4461-85AC-A1A4623F7C7A}.Debug|x86.Build.0 = Debug|Any CPU
		{697F0469-FE37-4461-85AC-A1A4623F7C7A}.Release|Any CPU.ActiveCfg = Release|Any CPU
		{697F0469-FE37-4461-85AC-A1A4623F7C7A}.Release|Any CPU.Build.0 = Release|Any CPU
		{697F0469-FE37-4461-85AC-A1A4623F7C7A}.Release|ARM.ActiveCfg = Release|Any CPU
		{697F0469-FE37-4461-85AC-A1A4623F7C7A}.Release|ARM.Build.0 = Release|Any CPU
		{697F0469-FE37-4461-85AC-A1A4623F7C7A}.Release|iPhone.ActiveCfg = Release|Any CPU
		{697F0469-FE37-4461-85AC-A1A4623F7C7A}.Release|iPhone.Build.0 = Release|Any CPU
		{697F0469-FE37-4461-85AC-A1A4623F7C7A}.Release|iPhoneSimulator.ActiveCfg = Release|Any CPU
		{697F0469-FE37-4461-85AC-A1A4623F7C7A}.Release|iPhoneSimulator.Build.0 = Release|Any CPU
		{697F0469-FE37-4461-85AC-A1A4623F7C7A}.Release|x64.ActiveCfg = Release|Any CPU
		{697F0469-FE37-4461-85AC-A1A4623F7C7A}.Release|x64.Build.0 = Release|Any CPU
		{697F0469-FE37-4461-85AC-A1A4623F7C7A}.Release|x86.ActiveCfg = Release|Any CPU
		{697F0469-FE37-4461-85AC-A1A4623F7C7A}.Release|x86.Build.0 = Release|Any CPU
	EndGlobalSection
	GlobalSection(SolutionProperties) = preSolution
		HideSolutionNode = FALSE
	EndGlobalSection
	GlobalSection(NestedProjects) = preSolution
		{F5568231-FE75-4D90-9B77-E945088CFF60} = {445F9CA7-2721-4F96-B507-3F35D71F8B13}
		{FE130E8A-122A-414A-ACB9-1DA1F735C777} = {4981CCBB-CD63-44A8-8F92-EBD8AC3AE0C8}
		{45824355-0972-421A-9433-BFD9FDAB5BF1} = {4981CCBB-CD63-44A8-8F92-EBD8AC3AE0C8}
		{0158B12A-FD5C-4809-BAEE-0D5D74BAAC0C} = {4981CCBB-CD63-44A8-8F92-EBD8AC3AE0C8}
		{697F0469-FE37-4461-85AC-A1A4623F7C7A} = {4981CCBB-CD63-44A8-8F92-EBD8AC3AE0C8}
	EndGlobalSection
	GlobalSection(ExtensibilityGlobals) = postSolution
		SolutionGuid = {7DA2FB35-A0AC-45FC-B047-19D4AEC6A972}
	EndGlobalSection
EndGlobal
